
Microsoft Visual Studio Solution File, Format Version 12.00
# Visual Studio Version 17
VisualStudioVersion = 17.10.35122.118
MinimumVisualStudioVersion = 10.0.40219.1
Project("{9A19103F-16F7-4668-BE54-9A1E7A4F7556}") = "FruitFinderData", "services\data\FruitFinderData.csproj", "{2B1946F7-8FAC-4288-B416-9D7A1D69F9F9}"
EndProject
Project("{9A19103F-16F7-4668-BE54-9A1E7A4F7556}") = "FruitFinderDomain", "services\models\FruitFinderDomain.csproj", "{EC20746C-4CA3-47D2-8A13-E917E605ED96}"
EndProject
Project("{9A19103F-16F7-4668-BE54-9A1E7A4F7556}") = "FruitFinderDab", "services\graphqlapi\FruitFinderDab.csproj", "{966235F3-93FC-497A-AB28-E21CB0BF5F57}"
EndProject
Global
	GlobalSection(SolutionConfigurationPlatforms) = preSolution
		Debug|Any CPU = Debug|Any CPU
		Release|Any CPU = Release|Any CPU
	EndGlobalSection
	GlobalSection(ProjectConfigurationPlatforms) = postSolution
		{2B1946F7-8FAC-4288-B416-9D7A1D69F9F9}.Debug|Any CPU.ActiveCfg = Debug|Any CPU
		{2B1946F7-8FAC-4288-B416-9D7A1D69F9F9}.Debug|Any CPU.Build.0 = Debug|Any CPU
		{2B1946F7-8FAC-4288-B416-9D7A1D69F9F9}.Release|Any CPU.ActiveCfg = Release|Any CPU
		{2B1946F7-8FAC-4288-B416-9D7A1D69F9F9}.Release|Any CPU.Build.0 = Release|Any CPU
		{EC20746C-4CA3-47D2-8A13-E917E605ED96}.Debug|Any CPU.ActiveCfg = Debug|Any CPU
		{EC20746C-4CA3-47D2-8A13-E917E605ED96}.Debug|Any CPU.Build.0 = Debug|Any CPU
		{EC20746C-4CA3-47D2-8A13-E917E605ED96}.Release|Any CPU.ActiveCfg = Release|Any CPU
		{EC20746C-4CA3-47D2-8A13-E917E605ED96}.Release|Any CPU.Build.0 = Release|Any CPU
		{966235F3-93FC-497A-AB28-E21CB0BF5F57}.Debug|Any CPU.ActiveCfg = Debug|Any CPU
		{966235F3-93FC-497A-AB28-E21CB0BF5F57}.Debug|Any CPU.Build.0 = Debug|Any CPU
		{966235F3-93FC-497A-AB28-E21CB0BF5F57}.Release|Any CPU.ActiveCfg = Release|Any CPU
		{966235F3-93FC-497A-AB28-E21CB0BF5F57}.Release|Any CPU.Build.0 = Release|Any CPU
	EndGlobalSection
	GlobalSection(SolutionProperties) = preSolution
		HideSolutionNode = FALSE
	EndGlobalSection
	GlobalSection(ExtensibilityGlobals) = postSolution
		SolutionGuid = {296072A8-0684-4CA2-9CC7-9A901055B960}
	EndGlobalSection
EndGlobal
